
Microsoft Visual Studio Solution File, Format Version 12.00
# Visual Studio Version 16
VisualStudioVersion = 16.0.31402.337
MinimumVisualStudioVersion = 10.0.40219.1
Project("{FAE04EC0-301F-11D3-BF4B-00C04F79EFBC}") = "WebLojaGamesMVC", "WebLojaGamesMVC\WebLojaGamesMVC.csproj", "{0EDE7D46-7A25-48CB-8096-75BDE2833FC0}"
EndProject
Global
	GlobalSection(SolutionConfigurationPlatforms) = preSolution
		Debug|Any CPU = Debug|Any CPU
		Release|Any CPU = Release|Any CPU
	EndGlobalSection
	GlobalSection(ProjectConfigurationPlatforms) = postSolution
		{0EDE7D46-7A25-48CB-8096-75BDE2833FC0}.Debug|Any CPU.ActiveCfg = Debug|Any CPU
		{0EDE7D46-7A25-48CB-8096-75BDE2833FC0}.Debug|Any CPU.Build.0 = Debug|Any CPU
		{0EDE7D46-7A25-48CB-8096-75BDE2833FC0}.Release|Any CPU.ActiveCfg = Release|Any CPU
		{0EDE7D46-7A25-48CB-8096-75BDE2833FC0}.Release|Any CPU.Build.0 = Release|Any CPU
	EndGlobalSection
	GlobalSection(SolutionProperties) = preSolution
		HideSolutionNode = FALSE
	EndGlobalSection
	GlobalSection(ExtensibilityGlobals) = postSolution
		SolutionGuid = {60D72776-6CFB-4BE1-A406-C36129D0F828}
	EndGlobalSection
EndGlobal
